// !$*UTF8*$!
{
	archiveVersion = 1;
	classes = {
	};
	objectVersion = 50;
	objects = {

/* Begin PBXBuildFile section */
		4B175D1C225336010039E461 /* AppDelegate.swift in Sources */ = {isa = PBXBuildFile; fileRef = 4B175D1B225336010039E461 /* AppDelegate.swift */; };
		4B175D21225336010039E461 /* Main.storyboard in Resources */ = {isa = PBXBuildFile; fileRef = 4B175D1F225336010039E461 /* Main.storyboard */; };
		4B175D24225336010039E461 /* RoadPal.xcdatamodeld in Sources */ = {isa = PBXBuildFile; fileRef = 4B175D22225336010039E461 /* RoadPal.xcdatamodeld */; };
		4B175D26225336020039E461 /* Assets.xcassets in Resources */ = {isa = PBXBuildFile; fileRef = 4B175D25225336020039E461 /* Assets.xcassets */; };
		4B175D29225336020039E461 /* LaunchScreen.storyboard in Resources */ = {isa = PBXBuildFile; fileRef = 4B175D27225336020039E461 /* LaunchScreen.storyboard */; };
		4B175D31225338D10039E461 /* ParkingController.swift in Sources */ = {isa = PBXBuildFile; fileRef = 4B175D30225338D10039E461 /* ParkingController.swift */; };
		4B175D35225339170039E461 /* LibraryController.swift in Sources */ = {isa = PBXBuildFile; fileRef = 4B175D34225339170039E461 /* LibraryController.swift */; };
		4B175D37225339270039E461 /* SettingController.swift in Sources */ = {isa = PBXBuildFile; fileRef = 4B175D36225339270039E461 /* SettingController.swift */; };
/* End PBXBuildFile section */

/* Begin PBXFileReference section */
		4B175D18225336000039E461 /* RoadPal.app */ = {isa = PBXFileReference; explicitFileType = wrapper.application; includeInIndex = 0; path = RoadPal.app; sourceTree = BUILT_PRODUCTS_DIR; };
		4B175D1B225336010039E461 /* AppDelegate.swift */ = {isa = PBXFileReference; lastKnownFileType = sourcecode.swift; path = AppDelegate.swift; sourceTree = "<group>"; };
		4B175D20225336010039E461 /* Base */ = {isa = PBXFileReference; lastKnownFileType = file.storyboard; name = Base; path = Base.lproj/Main.storyboard; sourceTree = "<group>"; };
		4B175D23225336010039E461 /* RoadPal.xcdatamodel */ = {isa = PBXFileReference; lastKnownFileType = wrapper.xcdatamodel; path = RoadPal.xcdatamodel; sourceTree = "<group>"; };
		4B175D25225336020039E461 /* Assets.xcassets */ = {isa = PBXFileReference; lastKnownFileType = folder.assetcatalog; path = Assets.xcassets; sourceTree = "<group>"; };
		4B175D28225336020039E461 /* Base */ = {isa = PBXFileReference; lastKnownFileType = file.storyboard; name = Base; path = Base.lproj/LaunchScreen.storyboard; sourceTree = "<group>"; };
		4B175D2A225336020039E461 /* Info.plist */ = {isa = PBXFileReference; lastKnownFileType = text.plist.xml; path = Info.plist; sourceTree = "<group>"; };
		4B175D30225338D10039E461 /* ParkingController.swift */ = {isa = PBXFileReference; lastKnownFileType = sourcecode.swift; path = ParkingController.swift; sourceTree = "<group>"; };
		4B175D34225339170039E461 /* LibraryController.swift */ = {isa = PBXFileReference; lastKnownFileType = sourcecode.swift; path = LibraryController.swift; sourceTree = "<group>"; };
		4B175D36225339270039E461 /* SettingController.swift */ = {isa = PBXFileReference; lastKnownFileType = sourcecode.swift; path = SettingController.swift; sourceTree = "<group>"; };
		F95D2B3E22534E58006C041C /* en */ = {isa = PBXFileReference; lastKnownFileType = text.plist.strings; name = en; path = en.lproj/Main.strings; sourceTree = "<group>"; };
/* End PBXFileReference section */

/* Begin PBXFrameworksBuildPhase section */
		4B175D15225336000039E461 /* Frameworks */ = {
			isa = PBXFrameworksBuildPhase;
			buildActionMask = 2147483647;
			files = (
			);
			runOnlyForDeploymentPostprocessing = 0;
		};
/* End PBXFrameworksBuildPhase section */

/* Begin PBXGroup section */
		4B175D0F225336000039E461 = {
			isa = PBXGroup;
			children = (
				4B175D1A225336010039E461 /* RoadPal */,
				4B175D19225336000039E461 /* Products */,
			);
			sourceTree = "<group>";
		};
		4B175D19225336000039E461 /* Products */ = {
			isa = PBXGroup;
			children = (
				4B175D18225336000039E461 /* RoadPal.app */,
			);
			name = Products;
			sourceTree = "<group>";
		};
		4B175D1A225336010039E461 /* RoadPal */ = {
			isa = PBXGroup;
			children = (
				4B175D33225338F00039E461 /* Model */,
				4B175D32225338E20039E461 /* Controller */,
				4B175D1B225336010039E461 /* AppDelegate.swift */,
				4B175D1F225336010039E461 /* Main.storyboard */,
				4B175D25225336020039E461 /* Assets.xcassets */,
				4B175D27225336020039E461 /* LaunchScreen.storyboard */,
				4B175D2A225336020039E461 /* Info.plist */,
				4B175D22225336010039E461 /* RoadPal.xcdatamodeld */,
			);
			path = RoadPal;
			sourceTree = "<group>";
		};
		4B175D32225338E20039E461 /* Controller */ = {
			isa = PBXGroup;
			children = (
				4B175D30225338D10039E461 /* ParkingController.swift */,
				4B175D34225339170039E461 /* LibraryController.swift */,
				4B175D36225339270039E461 /* SettingController.swift */,
			);
			path = Controller;
			sourceTree = "<group>";
		};
		4B175D33225338F00039E461 /* Model */ = {
			isa = PBXGroup;
			children = (
			);
			path = Model;
			sourceTree = "<group>";
		};
/* End PBXGroup section */

/* Begin PBXNativeTarget section */
		4B175D17225336000039E461 /* RoadPal */ = {
			isa = PBXNativeTarget;
			buildConfigurationList = 4B175D2D225336020039E461 /* Build configuration list for PBXNativeTarget "RoadPal" */;
			buildPhases = (
				4B175D14225336000039E461 /* Sources */,
				4B175D15225336000039E461 /* Frameworks */,
				4B175D16225336000039E461 /* Resources */,
			);
			buildRules = (
			);
			dependencies = (
			);
			name = RoadPal;
			productName = RoadPal;
			productReference = 4B175D18225336000039E461 /* RoadPal.app */;
			productType = "com.apple.product-type.application";
		};
/* End PBXNativeTarget section */

/* Begin PBXProject section */
		4B175D10225336000039E461 /* Project object */ = {
			isa = PBXProject;
			attributes = {
				LastSwiftUpdateCheck = 1010;
				LastUpgradeCheck = 1010;
				ORGANIZATIONNAME = MWstudio;
				TargetAttributes = {
					4B175D17225336000039E461 = {
						CreatedOnToolsVersion = 10.1;
						LastSwiftMigration = 1020;
					};
				};
			};
			buildConfigurationList = 4B175D13225336000039E461 /* Build configuration list for PBXProject "RoadPal" */;
			compatibilityVersion = "Xcode 9.3";
			developmentRegion = en;
			hasScannedForEncodings = 0;
			knownRegions = (
				en,
				Base,
			);
			mainGroup = 4B175D0F225336000039E461;
			productRefGroup = 4B175D19225336000039E461 /* Products */;
			projectDirPath = "";
			projectRoot = "";
			targets = (
				4B175D17225336000039E461 /* RoadPal */,
			);
		};
/* End PBXProject section */

/* Begin PBXResourcesBuildPhase section */
		4B175D16225336000039E461 /* Resources */ = {
			isa = PBXResourcesBuildPhase;
			buildActionMask = 2147483647;
			files = (
				4B175D29225336020039E461 /* LaunchScreen.storyboard in Resources */,
				4B175D26225336020039E461 /* Assets.xcassets in Resources */,
				4B175D21225336010039E461 /* Main.storyboard in Resources */,
			);
			runOnlyForDeploymentPostprocessing = 0;
		};
/* End PBXResourcesBuildPhase section */

/* Begin PBXSourcesBuildPhase section */
		4B175D14225336000039E461 /* Sources */ = {
			isa = PBXSourcesBuildPhase;
			buildActionMask = 2147483647;
			files = (
				4B175D37225339270039E461 /* SettingController.swift in Sources */,
				4B175D24225336010039E461 /* RoadPal.xcdatamodeld in Sources */,
				4B175D1C225336010039E461 /* AppDelegate.swift in Sources */,
				4B175D31225338D10039E461 /* ParkingController.swift in Sources */,
				4B175D35225339170039E461 /* LibraryController.swift in Sources */,
			);
			runOnlyForDeploymentPostprocessing = 0;
		};
/* End PBXSourcesBuildPhase section */

/* Begin PBXVariantGroup section */
		4B175D1F225336010039E461 /* Main.storyboard */ = {
			isa = PBXVariantGroup;
			children = (
				4B175D20225336010039E461 /* Base */,
				F95D2B3E22534E58006C041C /* en */,
			);
			name = Main.storyboard;
			sourceTree = "<group>";
		};
		4B175D27225336020039E461 /* LaunchScreen.storyboard */ = {
			isa = PBXVariantGroup;
			children = (
				4B175D28225336020039E461 /* Base */,
			);
			name = LaunchScreen.storyboard;
			sourceTree = "<group>";
		};
/* End PBXVariantGroup section */

/* Begin XCBuildConfiguration section */
		4B175D2B225336020039E461 /* Debug */ = {
			isa = XCBuildConfiguration;
			buildSettings = {
				ALWAYS_SEARCH_USER_PATHS = NO;
				CLANG_ANALYZER_NONNULL = YES;
				CLANG_ANALYZER_NUMBER_OBJECT_CONVERSION = YES_AGGRESSIVE;
				CLANG_CXX_LANGUAGE_STANDARD = "gnu++14";
				CLANG_CXX_LIBRARY = "libc++";
				CLANG_ENABLE_MODULES = YES;
				CLANG_ENABLE_OBJC_ARC = YES;
				CLANG_ENABLE_OBJC_WEAK = YES;
				CLANG_WARN_BLOCK_CAPTURE_AUTORELEASING = YES;
				CLANG_WARN_BOOL_CONVERSION = YES;
				CLANG_WARN_COMMA = YES;
				CLANG_WARN_CONSTANT_CONVERSION = YES;
				CLANG_WARN_DEPRECATED_OBJC_IMPLEMENTATIONS = YES;
				CLANG_WARN_DIRECT_OBJC_ISA_USAGE = YES_ERROR;
				CLANG_WARN_DOCUMENTATION_COMMENTS = YES;
				CLANG_WARN_EMPTY_BODY = YES;
				CLANG_WARN_ENUM_CONVERSION = YES;
				CLANG_WARN_INFINITE_RECURSION = YES;
				CLANG_WARN_INT_CONVERSION = YES;
				CLANG_WARN_NON_LITERAL_NULL_CONVERSION = YES;
				CLANG_WARN_OBJC_IMPLICIT_RETAIN_SELF = YES;
				CLANG_WARN_OBJC_LITERAL_CONVERSION = YES;
				CLANG_WARN_OBJC_ROOT_CLASS = YES_ERROR;
				CLANG_WARN_RANGE_LOOP_ANALYSIS = YES;
				CLANG_WARN_STRICT_PROTOTYPES = YES;
				CLANG_WARN_SUSPICIOUS_MOVE = YES;
				CLANG_WARN_UNGUARDED_AVAILABILITY = YES_AGGRESSIVE;
				CLANG_WARN_UNREACHABLE_CODE = YES;
				CLANG_WARN__DUPLICATE_METHOD_MATCH = YES;
				CODE_SIGN_IDENTITY = "iPhone Developer";
				COPY_PHASE_STRIP = NO;
				DEBUG_INFORMATION_FORMAT = dwarf;
				ENABLE_STRICT_OBJC_MSGSEND = YES;
				ENABLE_TESTABILITY = YES;
				GCC_C_LANGUAGE_STANDARD = gnu11;
				GCC_DYNAMIC_NO_PIC = NO;
				GCC_NO_COMMON_BLOCKS = YES;
				GCC_OPTIMIZATION_LEVEL = 0;
				GCC_PREPROCESSOR_DEFINITIONS = (
					"DEBUG=1",
					"$(inherited)",
				);
				GCC_WARN_64_TO_32_BIT_CONVERSION = YES;
				GCC_WARN_ABOUT_RETURN_TYPE = YES_ERROR;
				GCC_WARN_UNDECLARED_SELECTOR = YES;
				GCC_WARN_UNINITIALIZED_AUTOS = YES_AGGRESSIVE;
				GCC_WARN_UNUSED_FUNCTION = YES;
				GCC_WARN_UNUSED_VARIABLE = YES;
				IPHONEOS_DEPLOYMENT_TARGET = 12.1;
				MTL_ENABLE_DEBUG_INFO = INCLUDE_SOURCE;
				MTL_FAST_MATH = YES;
				ONLY_ACTIVE_ARCH = YES;
				SDKROOT = iphoneos;
				SWIFT_ACTIVE_COMPILATION_CONDITIONS = DEBUG;
				SWIFT_OPTIMIZATION_LEVEL = "-Onone";
			};
			name = Debug;
		};
		4B175D2C225336020039E461 /* Release */ = {
			isa = XCBuildConfiguration;
			buildSettings = {
				ALWAYS_SEARCH_USER_PATHS = NO;
				CLANG_ANALYZER_NONNULL = YES;
				CLANG_ANALYZER_NUMBER_OBJECT_CONVERSION = YES_AGGRESSIVE;
				CLANG_CXX_LANGUAGE_STANDARD = "gnu++14";
				CLANG_CXX_LIBRARY = "libc++";
				CLANG_ENABLE_MODULES = YES;
				CLANG_ENABLE_OBJC_ARC = YES;
				CLANG_ENABLE_OBJC_WEAK = YES;
				CLANG_WARN_BLOCK_CAPTURE_AUTORELEASING = YES;
				CLANG_WARN_BOOL_CONVERSION = YES;
				CLANG_WARN_COMMA = YES;
				CLANG_WARN_CONSTANT_CONVERSION = YES;
				CLANG_WARN_DEPRECATED_OBJC_IMPLEMENTATIONS = YES;
				CLANG_WARN_DIRECT_OBJC_ISA_USAGE = YES_ERROR;
				CLANG_WARN_DOCUMENTATION_COMMENTS = YES;
				CLANG_WARN_EMPTY_BODY = YES;
				CLANG_WARN_ENUM_CONVERSION = YES;
				CLANG_WARN_INFINITE_RECURSION = YES;
				CLANG_WARN_INT_CONVERSION = YES;
				CLANG_WARN_NON_LITERAL_NULL_CONVERSION = YES;
				CLANG_WARN_OBJC_IMPLICIT_RETAIN_SELF = YES;
				CLANG_WARN_OBJC_LITERAL_CONVERSION = YES;
				CLANG_WARN_OBJC_ROOT_CLASS = YES_ERROR;
				CLANG_WARN_RANGE_LOOP_ANALYSIS = YES;
				CLANG_WARN_STRICT_PROTOTYPES = YES;
				CLANG_WARN_SUSPICIOUS_MOVE = YES;
				CLANG_WARN_UNGUARDED_AVAILABILITY = YES_AGGRESSIVE;
				CLANG_WARN_UNREACHABLE_CODE = YES;
				CLANG_WARN__DUPLICATE_METHOD_MATCH = YES;
				CODE_SIGN_IDENTITY = "iPhone Developer";
				COPY_PHASE_STRIP = NO;
				DEBUG_INFORMATION_FORMAT = "dwarf-with-dsym";
				ENABLE_NS_ASSERTIONS = NO;
				ENABLE_STRICT_OBJC_MSGSEND = YES;
				GCC_C_LANGUAGE_STANDARD = gnu11;
				GCC_NO_COMMON_BLOCKS = YES;
				GCC_WARN_64_TO_32_BIT_CONVERSION = YES;
				GCC_WARN_ABOUT_RETURN_TYPE = YES_ERROR;
				GCC_WARN_UNDECLARED_SELECTOR = YES;
				GCC_WARN_UNINITIALIZED_AUTOS = YES_AGGRESSIVE;
				GCC_WARN_UNUSED_FUNCTION = YES;
				GCC_WARN_UNUSED_VARIABLE = YES;
				IPHONEOS_DEPLOYMENT_TARGET = 12.1;
				MTL_ENABLE_DEBUG_INFO = NO;
				MTL_FAST_MATH = YES;
				SDKROOT = iphoneos;
				SWIFT_COMPILATION_MODE = wholemodule;
				SWIFT_OPTIMIZATION_LEVEL = "-O";
				VALIDATE_PRODUCT = YES;
			};
			name = Release;
		};
		4B175D2E225336020039E461 /* Debug */ = {
			isa = XCBuildConfiguration;
			buildSettings = {
				ASSETCATALOG_COMPILER_APPICON_NAME = AppIcon;
				CODE_SIGN_STYLE = Automatic;
				DEVELOPMENT_TEAM = 6CZ229W72W;
				INFOPLIST_FILE = RoadPal/Info.plist;
				LD_RUNPATH_SEARCH_PATHS = (
					"$(inherited)",
					"@executable_path/Frameworks",
				);
				PRODUCT_BUNDLE_IDENTIFIER = "com.-MWstudio.RoadPal";
				PRODUCT_NAME = "$(TARGET_NAME)";
				SWIFT_VERSION = 4.2;
				TARGETED_DEVICE_FAMILY = "1,2";
			};
			name = Debug;
		};
		4B175D2F225336020039E461 /* Release */ = {
			isa = XCBuildConfiguration;
			buildSettings = {
				ASSETCATALOG_COMPILER_APPICON_NAME = AppIcon;
				CODE_SIGN_STYLE = Automatic;
				DEVELOPMENT_TEAM = 6CZ229W72W;
				INFOPLIST_FILE = RoadPal/Info.plist;
				LD_RUNPATH_SEARCH_PATHS = (
					"$(inherited)",
					"@executable_path/Frameworks",
				);
				PRODUCT_BUNDLE_IDENTIFIER = "com.-MWstudio.RoadPal";
				PRODUCT_NAME = "$(TARGET_NAME)";
				SWIFT_VERSION = 4.2;
				TARGETED_DEVICE_FAMILY = "1,2";
			};
			name = Release;
		};
/* End XCBuildConfiguration section */

/* Begin XCConfigurationList section */
		4B175D13225336000039E461 /* Build configuration list for PBXProject "RoadPal" */ = {
			isa = XCConfigurationList;
			buildConfigurations = (
				4B175D2B225336020039E461 /* Debug */,
				4B175D2C225336020039E461 /* Release */,
			);
			defaultConfigurationIsVisible = 0;
			defaultConfigurationName = Release;
		};
		4B175D2D225336020039E461 /* Build configuration list for PBXNativeTarget "RoadPal" */ = {
			isa = XCConfigurationList;
			buildConfigurations = (
				4B175D2E225336020039E461 /* Debug */,
				4B175D2F225336020039E461 /* Release */,
			);
			defaultConfigurationIsVisible = 0;
			defaultConfigurationName = Release;
		};
/* End XCConfigurationList section */

/* Begin XCVersionGroup section */
		4B175D22225336010039E461 /* RoadPal.xcdatamodeld */ = {
			isa = XCVersionGroup;
			children = (
				4B175D23225336010039E461 /* RoadPal.xcdatamodel */,
			);
			currentVersion = 4B175D23225336010039E461 /* RoadPal.xcdatamodel */;
			path = RoadPal.xcdatamodeld;
			sourceTree = "<group>";
			versionGroupType = wrapper.xcdatamodel;
		};
/* End XCVersionGroup section */
	};
	rootObject = 4B175D10225336000039E461 /* Project object */;
}
