PODS:
  - Mapbox-iOS-SDK (4.9.0)

DEPENDENCIES:
  - Mapbox-iOS-SDK (~> 4.9)

SPEC REPOS:
  https://github.com/cocoapods/specs.git:
    - Mapbox-iOS-SDK

SPEC CHECKSUMS:
  Mapbox-iOS-SDK: 225036950837cbe408e6b333e51cd6001c122499

PODFILE CHECKSUM: c9a80a7ecf7c30b098e687b7b274c40c4c722558

COCOAPODS: 1.5.3
